
Microsoft Visual Studio Solution File, Format Version 12.00
# Visual Studio Version 17
VisualStudioVersion = 17.2.32630.192
MinimumVisualStudioVersion = 10.0.40219.1
Project("{9A19103F-16F7-4668-BE54-9A1E7A4F7556}") = "OPN.Services", "OPN.Services\OPN.Services.csproj", "{6C8EBE90-6ED4-4A17-81DB-3E986A70D25E}"
EndProject
Project("{9A19103F-16F7-4668-BE54-9A1E7A4F7556}") = "OPN.Domain", "OPN.Domain\OPN.Domain.csproj", "{47A81409-A1B8-4942-95DF-043C4F38294C}"
EndProject
Project("{9A19103F-16F7-4668-BE54-9A1E7A4F7556}") = "OPN.Data", "OPN.Data\OPN.Data.csproj", "{DEF842C3-250C-40BA-9C27-A27DB932306A}"
EndProject
Project("{9A19103F-16F7-4668-BE54-9A1E7A4F7556}") = "OPN.ExternalConnections", "OPN.ExternalConnections\OPN.ExternalConnections.csproj", "{4074C2F0-FCB1-48EB-940A-17828072C233}"
EndProject
Project("{9A19103F-16F7-4668-BE54-9A1E7A4F7556}") = "Tester", "Tester\Tester.csproj", "{3D2B4429-4633-477A-B8F4-742F801EE636}"
EndProject
Project("{FAE04EC0-301F-11D3-BF4B-00C04F79EFBC}") = "OPN.Api", "OPN.Api\OPN.Api.csproj", "{7172FCA8-2F77-4A51-86B1-E94C87497EBF}"
EndProject
Global
	GlobalSection(SolutionConfigurationPlatforms) = preSolution
		Debug|Any CPU = Debug|Any CPU
		Debug|x64 = Debug|x64
		Debug|x86 = Debug|x86
		Release|Any CPU = Release|Any CPU
		Release|x64 = Release|x64
		Release|x86 = Release|x86
	EndGlobalSection
	GlobalSection(ProjectConfigurationPlatforms) = postSolution
		{6C8EBE90-6ED4-4A17-81DB-3E986A70D25E}.Debug|Any CPU.ActiveCfg = Debug|Any CPU
		{6C8EBE90-6ED4-4A17-81DB-3E986A70D25E}.Debug|Any CPU.Build.0 = Debug|Any CPU
		{6C8EBE90-6ED4-4A17-81DB-3E986A70D25E}.Debug|x64.ActiveCfg = Debug|Any CPU
		{6C8EBE90-6ED4-4A17-81DB-3E986A70D25E}.Debug|x64.Build.0 = Debug|Any CPU
		{6C8EBE90-6ED4-4A17-81DB-3E986A70D25E}.Debug|x86.ActiveCfg = Debug|Any CPU
		{6C8EBE90-6ED4-4A17-81DB-3E986A70D25E}.Debug|x86.Build.0 = Debug|Any CPU
		{6C8EBE90-6ED4-4A17-81DB-3E986A70D25E}.Release|Any CPU.ActiveCfg = Release|Any CPU
		{6C8EBE90-6ED4-4A17-81DB-3E986A70D25E}.Release|Any CPU.Build.0 = Release|Any CPU
		{6C8EBE90-6ED4-4A17-81DB-3E986A70D25E}.Release|x64.ActiveCfg = Release|Any CPU
		{6C8EBE90-6ED4-4A17-81DB-3E986A70D25E}.Release|x64.Build.0 = Release|Any CPU
		{6C8EBE90-6ED4-4A17-81DB-3E986A70D25E}.Release|x86.ActiveCfg = Release|Any CPU
		{6C8EBE90-6ED4-4A17-81DB-3E986A70D25E}.Release|x86.Build.0 = Release|Any CPU
		{47A81409-A1B8-4942-95DF-043C4F38294C}.Debug|Any CPU.ActiveCfg = Debug|Any CPU
		{47A81409-A1B8-4942-95DF-043C4F38294C}.Debug|Any CPU.Build.0 = Debug|Any CPU
		{47A81409-A1B8-4942-95DF-043C4F38294C}.Debug|x64.ActiveCfg = Debug|Any CPU
		{47A81409-A1B8-4942-95DF-043C4F38294C}.Debug|x64.Build.0 = Debug|Any CPU
		{47A81409-A1B8-4942-95DF-043C4F38294C}.Debug|x86.ActiveCfg = Debug|Any CPU
		{47A81409-A1B8-4942-95DF-043C4F38294C}.Debug|x86.Build.0 = Debug|Any CPU
		{47A81409-A1B8-4942-95DF-043C4F38294C}.Release|Any CPU.ActiveCfg = Release|Any CPU
		{47A81409-A1B8-4942-95DF-043C4F38294C}.Release|Any CPU.Build.0 = Release|Any CPU
		{47A81409-A1B8-4942-95DF-043C4F38294C}.Release|x64.ActiveCfg = Release|Any CPU
		{47A81409-A1B8-4942-95DF-043C4F38294C}.Release|x64.Build.0 = Release|Any CPU
		{47A81409-A1B8-4942-95DF-043C4F38294C}.Release|x86.ActiveCfg = Release|Any CPU
		{47A81409-A1B8-4942-95DF-043C4F38294C}.Release|x86.Build.0 = Release|Any CPU
		{DEF842C3-250C-40BA-9C27-A27DB932306A}.Debug|Any CPU.ActiveCfg = Debug|Any CPU
		{DEF842C3-250C-40BA-9C27-A27DB932306A}.Debug|Any CPU.Build.0 = Debug|Any CPU
		{DEF842C3-250C-40BA-9C27-A27DB932306A}.Debug|x64.ActiveCfg = Debug|Any CPU
		{DEF842C3-250C-40BA-9C27-A27DB932306A}.Debug|x64.Build.0 = Debug|Any CPU
		{DEF842C3-250C-40BA-9C27-A27DB932306A}.Debug|x86.ActiveCfg = Debug|Any CPU
		{DEF842C3-250C-40BA-9C27-A27DB932306A}.Debug|x86.Build.0 = Debug|Any CPU
		{DEF842C3-250C-40BA-9C27-A27DB932306A}.Release|Any CPU.ActiveCfg = Release|Any CPU
		{DEF842C3-250C-40BA-9C27-A27DB932306A}.Release|Any CPU.Build.0 = Release|Any CPU
		{DEF842C3-250C-40BA-9C27-A27DB932306A}.Release|x64.ActiveCfg = Release|Any CPU
		{DEF842C3-250C-40BA-9C27-A27DB932306A}.Release|x64.Build.0 = Release|Any CPU
		{DEF842C3-250C-40BA-9C27-A27DB932306A}.Release|x86.ActiveCfg = Release|Any CPU
		{DEF842C3-250C-40BA-9C27-A27DB932306A}.Release|x86.Build.0 = Release|Any CPU
		{4074C2F0-FCB1-48EB-940A-17828072C233}.Debug|Any CPU.ActiveCfg = Debug|Any CPU
		{4074C2F0-FCB1-48EB-940A-17828072C233}.Debug|Any CPU.Build.0 = Debug|Any CPU
		{4074C2F0-FCB1-48EB-940A-17828072C233}.Debug|x64.ActiveCfg = Debug|Any CPU
		{4074C2F0-FCB1-48EB-940A-17828072C233}.Debug|x64.Build.0 = Debug|Any CPU
		{4074C2F0-FCB1-48EB-940A-17828072C233}.Debug|x86.ActiveCfg = Debug|Any CPU
		{4074C2F0-FCB1-48EB-940A-17828072C233}.Debug|x86.Build.0 = Debug|Any CPU
		{4074C2F0-FCB1-48EB-940A-17828072C233}.Release|Any CPU.ActiveCfg = Release|Any CPU
		{4074C2F0-FCB1-48EB-940A-17828072C233}.Release|Any CPU.Build.0 = Release|Any CPU
		{4074C2F0-FCB1-48EB-940A-17828072C233}.Release|x64.ActiveCfg = Release|Any CPU
		{4074C2F0-FCB1-48EB-940A-17828072C233}.Release|x64.Build.0 = Release|Any CPU
		{4074C2F0-FCB1-48EB-940A-17828072C233}.Release|x86.ActiveCfg = Release|Any CPU
		{4074C2F0-FCB1-48EB-940A-17828072C233}.Release|x86.Build.0 = Release|Any CPU
		{3D2B4429-4633-477A-B8F4-742F801EE636}.Debug|Any CPU.ActiveCfg = Debug|Any CPU
		{3D2B4429-4633-477A-B8F4-742F801EE636}.Debug|Any CPU.Build.0 = Debug|Any CPU
		{3D2B4429-4633-477A-B8F4-742F801EE636}.Debug|x64.ActiveCfg = Debug|Any CPU
		{3D2B4429-4633-477A-B8F4-742F801EE636}.Debug|x64.Build.0 = Debug|Any CPU
		{3D2B4429-4633-477A-B8F4-742F801EE636}.Debug|x86.ActiveCfg = Debug|Any CPU
		{3D2B4429-4633-477A-B8F4-742F801EE636}.Debug|x86.Build.0 = Debug|Any CPU
		{3D2B4429-4633-477A-B8F4-742F801EE636}.Release|Any CPU.ActiveCfg = Release|Any CPU
		{3D2B4429-4633-477A-B8F4-742F801EE636}.Release|Any CPU.Build.0 = Release|Any CPU
		{3D2B4429-4633-477A-B8F4-742F801EE636}.Release|x64.ActiveCfg = Release|Any CPU
		{3D2B4429-4633-477A-B8F4-742F801EE636}.Release|x64.Build.0 = Release|Any CPU
		{3D2B4429-4633-477A-B8F4-742F801EE636}.Release|x86.ActiveCfg = Release|Any CPU
		{3D2B4429-4633-477A-B8F4-742F801EE636}.Release|x86.Build.0 = Release|Any CPU
		{7172FCA8-2F77-4A51-86B1-E94C87497EBF}.Debug|Any CPU.ActiveCfg = Debug|Any CPU
		{7172FCA8-2F77-4A51-86B1-E94C87497EBF}.Debug|Any CPU.Build.0 = Debug|Any CPU
		{7172FCA8-2F77-4A51-86B1-E94C87497EBF}.Debug|x64.ActiveCfg = Debug|Any CPU
		{7172FCA8-2F77-4A51-86B1-E94C87497EBF}.Debug|x64.Build.0 = Debug|Any CPU
		{7172FCA8-2F77-4A51-86B1-E94C87497EBF}.Debug|x86.ActiveCfg = Debug|Any CPU
		{7172FCA8-2F77-4A51-86B1-E94C87497EBF}.Debug|x86.Build.0 = Debug|Any CPU
		{7172FCA8-2F77-4A51-86B1-E94C87497EBF}.Release|Any CPU.ActiveCfg = Release|Any CPU
		{7172FCA8-2F77-4A51-86B1-E94C87497EBF}.Release|Any CPU.Build.0 = Release|Any CPU
		{7172FCA8-2F77-4A51-86B1-E94C87497EBF}.Release|x64.ActiveCfg = Release|Any CPU
		{7172FCA8-2F77-4A51-86B1-E94C87497EBF}.Release|x64.Build.0 = Release|Any CPU
		{7172FCA8-2F77-4A51-86B1-E94C87497EBF}.Release|x86.ActiveCfg = Release|Any CPU
		{7172FCA8-2F77-4A51-86B1-E94C87497EBF}.Release|x86.Build.0 = Release|Any CPU
	EndGlobalSection
	GlobalSection(SolutionProperties) = preSolution
		HideSolutionNode = FALSE
	EndGlobalSection
	GlobalSection(ExtensibilityGlobals) = postSolution
		SolutionGuid = {44600A5A-705B-44CF-9000-A064A1E13DE9}
	EndGlobalSection
EndGlobal
